
Microsoft Visual Studio Solution File, Format Version 12.00
# Visual Studio Version 17
VisualStudioVersion = 17.1.32328.378
MinimumVisualStudioVersion = 10.0.40219.1
Project("{9A19103F-16F7-4668-BE54-9A1E7A4F7556}") = "File2Utf8", "file2utf8\File2Utf8.csproj", "{540D0860-01ED-4879-B040-79934A59FEA6}"
EndProject
Project("{2150E333-8FDC-42A3-9474-1A3956D46DE8}") = "Solution Items", "Solution Items", "{B8C4C108-90C8-4E37-8ACA-A74A704BC138}"
	ProjectSection(SolutionItems) = preProject
		.editorconfig = .editorconfig
		.gitattributes = .gitattributes
		.gitignore = .gitignore
		Directory.Build.props = Directory.Build.props
		README.md = README.md
	EndProjectSection
EndProject
Global
	GlobalSection(SolutionConfigurationPlatforms) = preSolution
		Debug|Any CPU = Debug|Any CPU
		Release|Any CPU = Release|Any CPU
	EndGlobalSection
	GlobalSection(ProjectConfigurationPlatforms) = postSolution
		{540D0860-01ED-4879-B040-79934A59FEA6}.Debug|Any CPU.ActiveCfg = Debug|Any CPU
		{540D0860-01ED-4879-B040-79934A59FEA6}.Debug|Any CPU.Build.0 = Debug|Any CPU
		{540D0860-01ED-4879-B040-79934A59FEA6}.Release|Any CPU.ActiveCfg = Release|Any CPU
		{540D0860-01ED-4879-B040-79934A59FEA6}.Release|Any CPU.Build.0 = Release|Any CPU
	EndGlobalSection
	GlobalSection(SolutionProperties) = preSolution
		HideSolutionNode = FALSE
	EndGlobalSection
	GlobalSection(ExtensibilityGlobals) = postSolution
		SolutionGuid = {9D1A669D-56D7-40E4-9EA7-3382D1E7570B}
	EndGlobalSection
EndGlobal
